
Microsoft Visual Studio Solution File, Format Version 12.00
# Visual Studio 15
VisualStudioVersion = 15.0.27130.2036
MinimumVisualStudioVersion = 10.0.40219.1
Project("{FAE04EC0-301F-11D3-BF4B-00C04F79EFBC}") = "WCFServiceTest", "WCFServiceTest.csproj", "{DF96AAA2-2DA6-4670-800F-29810191D882}"
EndProject
Project("{FAE04EC0-301F-11D3-BF4B-00C04F79EFBC}") = "Utils", "..\..\Utils\Utils.csproj", "{A8DAA5CA-4538-4D4B-87B2-CC65FC6291D5}"
EndProject
Global
	GlobalSection(SolutionConfigurationPlatforms) = preSolution
		Debug|Any CPU = Debug|Any CPU
		Release|Any CPU = Release|Any CPU
	EndGlobalSection
	GlobalSection(ProjectConfigurationPlatforms) = postSolution
		{DF96AAA2-2DA6-4670-800F-29810191D882}.Debug|Any CPU.ActiveCfg = Debug|Any CPU
		{DF96AAA2-2DA6-4670-800F-29810191D882}.Debug|Any CPU.Build.0 = Debug|Any CPU
		{DF96AAA2-2DA6-4670-800F-29810191D882}.Release|Any CPU.ActiveCfg = Release|Any CPU
		{DF96AAA2-2DA6-4670-800F-29810191D882}.Release|Any CPU.Build.0 = Release|Any CPU
		{A8DAA5CA-4538-4D4B-87B2-CC65FC6291D5}.Debug|Any CPU.ActiveCfg = Debug|Any CPU
		{A8DAA5CA-4538-4D4B-87B2-CC65FC6291D5}.Debug|Any CPU.Build.0 = Debug|Any CPU
		{A8DAA5CA-4538-4D4B-87B2-CC65FC6291D5}.Release|Any CPU.ActiveCfg = Release|Any CPU
		{A8DAA5CA-4538-4D4B-87B2-CC65FC6291D5}.Release|Any CPU.Build.0 = Release|Any CPU
	EndGlobalSection
	GlobalSection(SolutionProperties) = preSolution
		HideSolutionNode = FALSE
	EndGlobalSection
	GlobalSection(ExtensibilityGlobals) = postSolution
		SolutionGuid = {92E62551-027E-437D-BB70-CDD59D77DE2E}
	EndGlobalSection
EndGlobal
