
Microsoft Visual Studio Solution File, Format Version 12.00
# Visual Studio 15
VisualStudioVersion = 15.0.28010.2048
MinimumVisualStudioVersion = 10.0.40219.1
Project("{FAE04EC0-301F-11D3-BF4B-00C04F79EFBC}") = "AccClientRegistrationIDGenerator", "AccClientRegistrationIDGenerator.csproj", "{5EA06C21-0BCA-4D66-BCBC-7015E1C00F39}"
EndProject
Project("{FAE04EC0-301F-11D3-BF4B-00C04F79EFBC}") = "SoftKeyUtils", "..\SoftKeyUtils\SoftKeyUtils.csproj", "{24714CA9-FBC1-4FBE-B02A-16D944ADE6BA}"
EndProject
Global
	GlobalSection(SolutionConfigurationPlatforms) = preSolution
		Debug|Any CPU = Debug|Any CPU
		GebugGAC|Any CPU = GebugGAC|Any CPU
		Release|Any CPU = Release|Any CPU
		ReleaseProduction|Any CPU = ReleaseProduction|Any CPU
		ReleaseSoftKey|Any CPU = ReleaseSoftKey|Any CPU
	EndGlobalSection
	GlobalSection(ProjectConfigurationPlatforms) = postSolution
		{5EA06C21-0BCA-4D66-BCBC-7015E1C00F39}.Debug|Any CPU.ActiveCfg = Debug|Any CPU
		{5EA06C21-0BCA-4D66-BCBC-7015E1C00F39}.Debug|Any CPU.Build.0 = Debug|Any CPU
		{5EA06C21-0BCA-4D66-BCBC-7015E1C00F39}.GebugGAC|Any CPU.ActiveCfg = Release|Any CPU
		{5EA06C21-0BCA-4D66-BCBC-7015E1C00F39}.GebugGAC|Any CPU.Build.0 = Release|Any CPU
		{5EA06C21-0BCA-4D66-BCBC-7015E1C00F39}.Release|Any CPU.ActiveCfg = Release|Any CPU
		{5EA06C21-0BCA-4D66-BCBC-7015E1C00F39}.Release|Any CPU.Build.0 = Release|Any CPU
		{5EA06C21-0BCA-4D66-BCBC-7015E1C00F39}.ReleaseProduction|Any CPU.ActiveCfg = Release|Any CPU
		{5EA06C21-0BCA-4D66-BCBC-7015E1C00F39}.ReleaseProduction|Any CPU.Build.0 = Release|Any CPU
		{5EA06C21-0BCA-4D66-BCBC-7015E1C00F39}.ReleaseSoftKey|Any CPU.ActiveCfg = ReleaseSoftKey|Any CPU
		{5EA06C21-0BCA-4D66-BCBC-7015E1C00F39}.ReleaseSoftKey|Any CPU.Build.0 = ReleaseSoftKey|Any CPU
		{24714CA9-FBC1-4FBE-B02A-16D944ADE6BA}.Debug|Any CPU.ActiveCfg = Debug|Any CPU
		{24714CA9-FBC1-4FBE-B02A-16D944ADE6BA}.Debug|Any CPU.Build.0 = Debug|Any CPU
		{24714CA9-FBC1-4FBE-B02A-16D944ADE6BA}.GebugGAC|Any CPU.ActiveCfg = Release|Any CPU
		{24714CA9-FBC1-4FBE-B02A-16D944ADE6BA}.GebugGAC|Any CPU.Build.0 = Release|Any CPU
		{24714CA9-FBC1-4FBE-B02A-16D944ADE6BA}.Release|Any CPU.ActiveCfg = Release|Any CPU
		{24714CA9-FBC1-4FBE-B02A-16D944ADE6BA}.Release|Any CPU.Build.0 = Release|Any CPU
		{24714CA9-FBC1-4FBE-B02A-16D944ADE6BA}.ReleaseProduction|Any CPU.ActiveCfg = Release|Any CPU
		{24714CA9-FBC1-4FBE-B02A-16D944ADE6BA}.ReleaseProduction|Any CPU.Build.0 = Release|Any CPU
		{24714CA9-FBC1-4FBE-B02A-16D944ADE6BA}.ReleaseSoftKey|Any CPU.ActiveCfg = Release|Any CPU
		{24714CA9-FBC1-4FBE-B02A-16D944ADE6BA}.ReleaseSoftKey|Any CPU.Build.0 = Release|Any CPU
	EndGlobalSection
	GlobalSection(SolutionProperties) = preSolution
		HideSolutionNode = FALSE
	EndGlobalSection
	GlobalSection(ExtensibilityGlobals) = postSolution
		SolutionGuid = {A1717F03-8A68-49C3-B3B1-59075602071B}
	EndGlobalSection
EndGlobal
