
Microsoft Visual Studio Solution File, Format Version 12.00
# Visual Studio 2012
Project("{FAE04EC0-301F-11D3-BF4B-00C04F79EFBC}") = "WinServicesStatus", "WinServicesStatus.csproj", "{27505EB1-7444-4A26-A963-A19CF4384E77}"
EndProject
Project("{FAE04EC0-301F-11D3-BF4B-00C04F79EFBC}") = "Utils", "..\Utils\Utils.csproj", "{A8DAA5CA-4538-4D4B-87B2-CC65FC6291D5}"
EndProject
Global
	GlobalSection(SolutionConfigurationPlatforms) = preSolution
		Debug|Any CPU = Debug|Any CPU
		Release|Any CPU = Release|Any CPU
	EndGlobalSection
	GlobalSection(ProjectConfigurationPlatforms) = postSolution
		{27505EB1-7444-4A26-A963-A19CF4384E77}.Debug|Any CPU.ActiveCfg = Debug|Any CPU
		{27505EB1-7444-4A26-A963-A19CF4384E77}.Debug|Any CPU.Build.0 = Debug|Any CPU
		{27505EB1-7444-4A26-A963-A19CF4384E77}.Release|Any CPU.ActiveCfg = Release|Any CPU
		{27505EB1-7444-4A26-A963-A19CF4384E77}.Release|Any CPU.Build.0 = Release|Any CPU
		{A8DAA5CA-4538-4D4B-87B2-CC65FC6291D5}.Debug|Any CPU.ActiveCfg = Debug|Any CPU
		{A8DAA5CA-4538-4D4B-87B2-CC65FC6291D5}.Debug|Any CPU.Build.0 = Debug|Any CPU
		{A8DAA5CA-4538-4D4B-87B2-CC65FC6291D5}.Release|Any CPU.ActiveCfg = Release|Any CPU
		{A8DAA5CA-4538-4D4B-87B2-CC65FC6291D5}.Release|Any CPU.Build.0 = Release|Any CPU
	EndGlobalSection
	GlobalSection(SolutionProperties) = preSolution
		HideSolutionNode = FALSE
	EndGlobalSection
EndGlobal
