
Microsoft Visual Studio Solution File, Format Version 12.00
# Visual Studio 15
VisualStudioVersion = 15.0.27130.2036
MinimumVisualStudioVersion = 10.0.40219.1
Project("{FAE04EC0-301F-11D3-BF4B-00C04F79EFBC}") = "SettingBackupper", "SettingBackupper\SettingBackupper.csproj", "{4C55A6E5-C8FB-484E-AD0F-7C57F05C1010}"
EndProject
Global
	GlobalSection(SolutionConfigurationPlatforms) = preSolution
		Debug|Any CPU = Debug|Any CPU
		Release|Any CPU = Release|Any CPU
	EndGlobalSection
	GlobalSection(ProjectConfigurationPlatforms) = postSolution
		{4C55A6E5-C8FB-484E-AD0F-7C57F05C1010}.Debug|Any CPU.ActiveCfg = Debug|Any CPU
		{4C55A6E5-C8FB-484E-AD0F-7C57F05C1010}.Debug|Any CPU.Build.0 = Debug|Any CPU
		{4C55A6E5-C8FB-484E-AD0F-7C57F05C1010}.Release|Any CPU.ActiveCfg = Release|Any CPU
		{4C55A6E5-C8FB-484E-AD0F-7C57F05C1010}.Release|Any CPU.Build.0 = Release|Any CPU
	EndGlobalSection
	GlobalSection(SolutionProperties) = preSolution
		HideSolutionNode = FALSE
	EndGlobalSection
	GlobalSection(ExtensibilityGlobals) = postSolution
		SolutionGuid = {083E51DE-E92B-433C-88B0-D374A74A76A8}
	EndGlobalSection
EndGlobal
